
Microsoft Visual Studio Solution File, Format Version 12.00
# Visual Studio Version 16
VisualStudioVersion = 16.0.30621.155
MinimumVisualStudioVersion = 10.0.40219.1
Project("{9A19103F-16F7-4668-BE54-9A1E7A4F7556}") = "challengeApp.DataAccess", "challengeApp.DataAccess\challengeApp.DataAccess.csproj", "{30026212-3FD3-4DF3-B486-7468855A149A}"
EndProject
Project("{9A19103F-16F7-4668-BE54-9A1E7A4F7556}") = "challengeApp.Entities", "challengeApp.Entities\challengeApp.Entities.csproj", "{7A12819B-CB5C-4016-88E3-BD93612C6F75}"
EndProject
Project("{9A19103F-16F7-4668-BE54-9A1E7A4F7556}") = "challengeApp.Business", "challengeApp.Business\challengeApp.Business.csproj", "{1193EC88-CE7D-44DB-B820-A84EA9FF80C1}"
EndProject
Project("{FAE04EC0-301F-11D3-BF4B-00C04F79EFBC}") = "challengeApp.WebUI", "challengeApp.WebUI\challengeApp.WebUI.csproj", "{47B89D7D-959E-4869-AB3D-6C502BB70B42}"
EndProject
Global
	GlobalSection(SolutionConfigurationPlatforms) = preSolution
		Debug|Any CPU = Debug|Any CPU
		Release|Any CPU = Release|Any CPU
	EndGlobalSection
	GlobalSection(ProjectConfigurationPlatforms) = postSolution
		{30026212-3FD3-4DF3-B486-7468855A149A}.Debug|Any CPU.ActiveCfg = Debug|Any CPU
		{30026212-3FD3-4DF3-B486-7468855A149A}.Debug|Any CPU.Build.0 = Debug|Any CPU
		{30026212-3FD3-4DF3-B486-7468855A149A}.Release|Any CPU.ActiveCfg = Release|Any CPU
		{30026212-3FD3-4DF3-B486-7468855A149A}.Release|Any CPU.Build.0 = Release|Any CPU
		{7A12819B-CB5C-4016-88E3-BD93612C6F75}.Debug|Any CPU.ActiveCfg = Debug|Any CPU
		{7A12819B-CB5C-4016-88E3-BD93612C6F75}.Debug|Any CPU.Build.0 = Debug|Any CPU
		{7A12819B-CB5C-4016-88E3-BD93612C6F75}.Release|Any CPU.ActiveCfg = Release|Any CPU
		{7A12819B-CB5C-4016-88E3-BD93612C6F75}.Release|Any CPU.Build.0 = Release|Any CPU
		{1193EC88-CE7D-44DB-B820-A84EA9FF80C1}.Debug|Any CPU.ActiveCfg = Debug|Any CPU
		{1193EC88-CE7D-44DB-B820-A84EA9FF80C1}.Debug|Any CPU.Build.0 = Debug|Any CPU
		{1193EC88-CE7D-44DB-B820-A84EA9FF80C1}.Release|Any CPU.ActiveCfg = Release|Any CPU
		{1193EC88-CE7D-44DB-B820-A84EA9FF80C1}.Release|Any CPU.Build.0 = Release|Any CPU
		{47B89D7D-959E-4869-AB3D-6C502BB70B42}.Debug|Any CPU.ActiveCfg = Debug|Any CPU
		{47B89D7D-959E-4869-AB3D-6C502BB70B42}.Debug|Any CPU.Build.0 = Debug|Any CPU
		{47B89D7D-959E-4869-AB3D-6C502BB70B42}.Release|Any CPU.ActiveCfg = Release|Any CPU
		{47B89D7D-959E-4869-AB3D-6C502BB70B42}.Release|Any CPU.Build.0 = Release|Any CPU
	EndGlobalSection
	GlobalSection(SolutionProperties) = preSolution
		HideSolutionNode = FALSE
	EndGlobalSection
	GlobalSection(ExtensibilityGlobals) = postSolution
		SolutionGuid = {D0CE785D-2B1D-4D51-A9C1-B89694DEE1D5}
	EndGlobalSection
EndGlobal
